{
	"_readme": [
		"This file locks the dependencies of your project to a known state",
		"Read more about it at https://getcomposer.org/doc/01-basic-usage.md#installing-dependencies",
		"This file is @generated automatically"
	],
	"content-hash": "fa371b0f244f4af13fa082760ac2d468",
	"packages": [
		{
			"name": "kucrut/vite-for-wp",
			"version": "v0.7.0",
			"source": {
				"type": "git",
				"url": "https://github.com/kucrut/vite-for-wp.git",
				"reference": "0d262f9eb8cf6665085f0b4246c1e023aab2bbfa"
			},
			"dist": {
				"type": "zip",
				"url": "https://api.github.com/repos/kucrut/vite-for-wp/zipball/0d262f9eb8cf6665085f0b4246c1e023aab2bbfa",
				"reference": "0d262f9eb8cf6665085f0b4246c1e023aab2bbfa",
				"shasum": ""
			},
			"require-dev": {
				"wp-coding-standards/wpcs": "^3.0"
			},
			"type": "library",
			"autoload": {
				"files": [
					"vite-for-wp.php"
				]
			},
			"notification-url": "https://packagist.org/downloads/",
			"license": [
				"GPL-2.0-only"
			],
			"authors": [
				{
					"name": "Dzikri Aziz"
				}
			],
			"description": "Vite integration for WordPress plugins and themes development.",
			"support": {
				"issues": "https://github.com/kucrut/vite-for-wp/issues",
				"source": "https://github.com/kucrut/vite-for-wp/tree/v0.7.0"
			},
			"time": "2023-10-10T10:37:19+00:00"
		}
	],
	"packages-dev": [],
	"aliases": [],
	"minimum-stability": "stable",
	"stability-flags": [],
	"prefer-stable": false,
	"prefer-lowest": false,
	"platform": [],
	"platform-dev": [],
	"plugin-api-version": "2.6.0"
}
